# Generated by buf. DO NOT EDIT.
version: v2
deps:
  - name: buf.build/googleapis/googleapis
    commit: 8bc2c51e08c447cd8886cdea48a73e14
    digest: b5:b7e0ac9d192bd0eae88160101269550281448c51f25121cd0d51957661a350aab07001bc145fe9029a8da10b99ff000ae5b284ecaca9c75f2a99604a04d9b4ab
  - name: buf.build/k8s/api
    commit: 8f68e41b943c4de8a5e9c9a921c889a7
    digest: b5:0c188e351df7b094d6a5412f4cd5f097fbf1a32d4a2d4c42b83774e168961447e6e706e4ebf241a13b94493aa6cbe08dc8abd03e2a1f8207ac7620bf186030c8
